
Microsoft Visual Studio Solution File, Format Version 12.00
# Visual Studio Version 17
VisualStudioVersion = 17.3.32922.545
MinimumVisualStudioVersion = 10.0.40219.1
Project("{FAE04EC0-301F-11D3-BF4B-00C04F79EFBC}") = "AMAZONS3FİLEUPLOADWEBAPI", "AMAZONS3FİLEUPLOADWEBAPI\AMAZONS3FİLEUPLOADWEBAPI.csproj", "{FFB6A871-FCF2-4F5E-9E5A-57F5DF0771AE}"
EndProject
Global
	GlobalSection(SolutionConfigurationPlatforms) = preSolution
		Debug|Any CPU = Debug|Any CPU
		Release|Any CPU = Release|Any CPU
	EndGlobalSection
	GlobalSection(ProjectConfigurationPlatforms) = postSolution
		{FFB6A871-FCF2-4F5E-9E5A-57F5DF0771AE}.Debug|Any CPU.ActiveCfg = Debug|Any CPU
		{FFB6A871-FCF2-4F5E-9E5A-57F5DF0771AE}.Debug|Any CPU.Build.0 = Debug|Any CPU
		{FFB6A871-FCF2-4F5E-9E5A-57F5DF0771AE}.Release|Any CPU.ActiveCfg = Release|Any CPU
		{FFB6A871-FCF2-4F5E-9E5A-57F5DF0771AE}.Release|Any CPU.Build.0 = Release|Any CPU
	EndGlobalSection
	GlobalSection(SolutionProperties) = preSolution
		HideSolutionNode = FALSE
	EndGlobalSection
	GlobalSection(ExtensibilityGlobals) = postSolution
		SolutionGuid = {4D8CC26D-3A3B-40C4-BC72-3156D3555DA8}
	EndGlobalSection
EndGlobal
